
Microsoft Visual Studio Solution File, Format Version 12.00
# Visual Studio 15
VisualStudioVersion = 15.0.28010.2036
MinimumVisualStudioVersion = 10.0.40219.1
Project("{FAE04EC0-301F-11D3-BF4B-00C04F79EFBC}") = "LanInvoice.API", "LanInvoice.API\LanInvoice.API.csproj", "{859658F0-FB0F-4BB1-845E-24EDA2C1280C}"
EndProject
Global
	GlobalSection(SolutionConfigurationPlatforms) = preSolution
		Debug|Any CPU = Debug|Any CPU
		Release|Any CPU = Release|Any CPU
	EndGlobalSection
	GlobalSection(ProjectConfigurationPlatforms) = postSolution
		{859658F0-FB0F-4BB1-845E-24EDA2C1280C}.Debug|Any CPU.ActiveCfg = Debug|Any CPU
		{859658F0-FB0F-4BB1-845E-24EDA2C1280C}.Debug|Any CPU.Build.0 = Debug|Any CPU
		{859658F0-FB0F-4BB1-845E-24EDA2C1280C}.Release|Any CPU.ActiveCfg = Release|Any CPU
		{859658F0-FB0F-4BB1-845E-24EDA2C1280C}.Release|Any CPU.Build.0 = Release|Any CPU
	EndGlobalSection
	GlobalSection(SolutionProperties) = preSolution
		HideSolutionNode = FALSE
	EndGlobalSection
	GlobalSection(ExtensibilityGlobals) = postSolution
		SolutionGuid = {E9696142-A014-4892-8A91-0D3EC01DED13}
	EndGlobalSection
EndGlobal
